lockfileVersion: 5.4

specifiers:
  '@types/node': ^20.4.5
  dotenv: ^16.3.1
  typescript: ^5.1.6
  undici: ^5.22.1

dependencies:
  undici: 5.22.1

devDependencies:
  '@types/node': 20.4.5
  dotenv: 16.3.1
  typescript: 5.1.6

packages:

  /@types/node/20.4.5:
    resolution: {integrity: sha512-rt40Nk13II9JwQBdeYqmbn2Q6IVTA5uPhvSO+JVqdXw/6/4glI6oR9ezty/A9Hg5u7JH4OmYmuQ+XvjKm0Datg==}
    dev: true

  /busboy/1.6.0:
    resolution: {integrity: sha512-8SFQbg/0hQ9xy3UNTB0YEnsNBbWfhf7RtnzpL7TkBiTBRfrQ9Fxcnz7VJsleJpyp6rVLvXiuORqjlHi5q+PYuA==}
    engines: {node: '>=10.16.0'}
    dependencies:
      streamsearch: 1.1.0
    dev: false

  /dotenv/16.3.1:
    resolution: {integrity: sha512-IPzF4w4/Rd94bA9imS68tZBaYyBWSCE47V1RGuMrB94iyTOIEwRmVL2x/4An+6mETpLrKJ5hQkB8W4kFAadeIQ==}
    engines: {node: '>=12'}
    dev: true

  /streamsearch/1.1.0:
    resolution: {integrity: sha512-Mcc5wHehp9aXz1ax6bZUyY5afg9u2rv5cqQI3mRrYkGC8rW2hM02jWuwjtL++LS5qinSyhj2QfLyNsuc+VsExg==}
    engines: {node: '>=10.0.0'}
    dev: false

  /typescript/5.1.6:
    resolution: {integrity: sha512-zaWCozRZ6DLEWAWFrVDz1H6FVXzUSfTy5FUMWsQlU8Ym5JP9eO4xkTIROFCQvhQf61z6O/G6ugw3SgAnvvm+HA==}
    engines: {node: '>=14.17'}
    hasBin: true
    dev: true

  /undici/5.22.1:
    resolution: {integrity: sha512-Ji2IJhFXZY0x/0tVBXeQwgPlLWw13GVzpsWPQ3rV50IFMMof2I55PZZxtm4P6iNq+L5znYN9nSTAq0ZyE6lSJw==}
    engines: {node: '>=14.0'}
    dependencies:
      busboy: 1.6.0
    dev: false
